
Microsoft Visual Studio Solution File, Format Version 12.00
# Visual Studio 15
VisualStudioVersion = 15.0.27130.2027
MinimumVisualStudioVersion = 10.0.40219.1
Project("{8BC9CEB8-8B4A-11D0-8D11-00A0C91BC942}") = "invert", "invert\invert.vcxproj", "{8FEEF6F6-4590-4E73-9FFA-6B5637E8331E}"
EndProject
Global
	GlobalSection(SolutionConfigurationPlatforms) = preSolution
		Debug|x64 = Debug|x64
		Debug|x86 = Debug|x86
		Release|x64 = Release|x64
		Release|x86 = Release|x86
	EndGlobalSection
	GlobalSection(ProjectConfigurationPlatforms) = postSolution
		{8FEEF6F6-4590-4E73-9FFA-6B5637E8331E}.Debug|x64.ActiveCfg = Debug|x64
		{8FEEF6F6-4590-4E73-9FFA-6B5637E8331E}.Debug|x64.Build.0 = Debug|x64
		{8FEEF6F6-4590-4E73-9FFA-6B5637E8331E}.Debug|x86.ActiveCfg = Debug|Win32
		{8FEEF6F6-4590-4E73-9FFA-6B5637E8331E}.Debug|x86.Build.0 = Debug|Win32
		{8FEEF6F6-4590-4E73-9FFA-6B5637E8331E}.Release|x64.ActiveCfg = Release|x64
		{8FEEF6F6-4590-4E73-9FFA-6B5637E8331E}.Release|x64.Build.0 = Release|x64
		{8FEEF6F6-4590-4E73-9FFA-6B5637E8331E}.Release|x86.ActiveCfg = Release|Win32
		{8FEEF6F6-4590-4E73-9FFA-6B5637E8331E}.Release|x86.Build.0 = Release|Win32
	EndGlobalSection
	GlobalSection(SolutionProperties) = preSolution
		HideSolutionNode = FALSE
	EndGlobalSection
	GlobalSection(ExtensibilityGlobals) = postSolution
		SolutionGuid = {56FA59FA-3A10-482C-ACFF-7833D56ABDB9}
	EndGlobalSection
EndGlobal
