
Microsoft Visual Studio Solution File, Format Version 12.00
# Visual Studio 15
VisualStudioVersion = 15.0.27428.2005
MinimumVisualStudioVersion = 10.0.40219.1
Project("{8BC9CEB8-8B4A-11D0-8D11-00A0C91BC942}") = "StringStack", "StringStack\StringStack.vcxproj", "{34A04ECB-F0F8-45FC-90EE-6356B2926E5A}"
EndProject
Project("{8BC9CEB8-8B4A-11D0-8D11-00A0C91BC942}") = "StringStackTests", "..\StringStackTests\StringStackTests.vcxproj", "{48323FA5-2276-49C0-928E-CCD029E8D10B}"
EndProject
Global
	GlobalSection(SolutionConfigurationPlatforms) = preSolution
		Debug|x64 = Debug|x64
		Debug|x86 = Debug|x86
		Release|x64 = Release|x64
		Release|x86 = Release|x86
	EndGlobalSection
	GlobalSection(ProjectConfigurationPlatforms) = postSolution
		{34A04ECB-F0F8-45FC-90EE-6356B2926E5A}.Debug|x64.ActiveCfg = Debug|x64
		{34A04ECB-F0F8-45FC-90EE-6356B2926E5A}.Debug|x64.Build.0 = Debug|x64
		{34A04ECB-F0F8-45FC-90EE-6356B2926E5A}.Debug|x86.ActiveCfg = Debug|Win32
		{34A04ECB-F0F8-45FC-90EE-6356B2926E5A}.Debug|x86.Build.0 = Debug|Win32
		{34A04ECB-F0F8-45FC-90EE-6356B2926E5A}.Release|x64.ActiveCfg = Release|x64
		{34A04ECB-F0F8-45FC-90EE-6356B2926E5A}.Release|x64.Build.0 = Release|x64
		{34A04ECB-F0F8-45FC-90EE-6356B2926E5A}.Release|x86.ActiveCfg = Release|Win32
		{34A04ECB-F0F8-45FC-90EE-6356B2926E5A}.Release|x86.Build.0 = Release|Win32
		{48323FA5-2276-49C0-928E-CCD029E8D10B}.Debug|x64.ActiveCfg = Debug|x64
		{48323FA5-2276-49C0-928E-CCD029E8D10B}.Debug|x64.Build.0 = Debug|x64
		{48323FA5-2276-49C0-928E-CCD029E8D10B}.Debug|x86.ActiveCfg = Debug|Win32
		{48323FA5-2276-49C0-928E-CCD029E8D10B}.Debug|x86.Build.0 = Debug|Win32
		{48323FA5-2276-49C0-928E-CCD029E8D10B}.Release|x64.ActiveCfg = Release|x64
		{48323FA5-2276-49C0-928E-CCD029E8D10B}.Release|x64.Build.0 = Release|x64
		{48323FA5-2276-49C0-928E-CCD029E8D10B}.Release|x86.ActiveCfg = Release|Win32
		{48323FA5-2276-49C0-928E-CCD029E8D10B}.Release|x86.Build.0 = Release|Win32
	EndGlobalSection
	GlobalSection(SolutionProperties) = preSolution
		HideSolutionNode = FALSE
	EndGlobalSection
	GlobalSection(ExtensibilityGlobals) = postSolution
		SolutionGuid = {DD0552A8-92D3-42B6-9581-92572BB25AE6}
	EndGlobalSection
EndGlobal
