
Microsoft Visual Studio Solution File, Format Version 12.00
# Visual Studio 15
VisualStudioVersion = 15.0.27428.2005
MinimumVisualStudioVersion = 10.0.40219.1
Project("{8BC9CEB8-8B4A-11D0-8D11-00A0C91BC942}") = "ObsceneWordsFilter", "ObsceneWordsFilter\ObsceneWordsFilter.vcxproj", "{41922104-A174-4588-9694-E875196E3EBC}"
EndProject
Project("{8BC9CEB8-8B4A-11D0-8D11-00A0C91BC942}") = "ObsceneWordsFilterTests", "..\ObsceneWordsFilterTests\ObsceneWordsFilterTests.vcxproj", "{0FC70842-B22E-461E-AE3C-30146DB01539}"
EndProject
Global
	GlobalSection(SolutionConfigurationPlatforms) = preSolution
		Debug|x64 = Debug|x64
		Debug|x86 = Debug|x86
		Release|x64 = Release|x64
		Release|x86 = Release|x86
	EndGlobalSection
	GlobalSection(ProjectConfigurationPlatforms) = postSolution
		{41922104-A174-4588-9694-E875196E3EBC}.Debug|x64.ActiveCfg = Debug|x64
		{41922104-A174-4588-9694-E875196E3EBC}.Debug|x64.Build.0 = Debug|x64
		{41922104-A174-4588-9694-E875196E3EBC}.Debug|x86.ActiveCfg = Debug|Win32
		{41922104-A174-4588-9694-E875196E3EBC}.Debug|x86.Build.0 = Debug|Win32
		{41922104-A174-4588-9694-E875196E3EBC}.Release|x64.ActiveCfg = Release|x64
		{41922104-A174-4588-9694-E875196E3EBC}.Release|x64.Build.0 = Release|x64
		{41922104-A174-4588-9694-E875196E3EBC}.Release|x86.ActiveCfg = Release|Win32
		{41922104-A174-4588-9694-E875196E3EBC}.Release|x86.Build.0 = Release|Win32
		{0FC70842-B22E-461E-AE3C-30146DB01539}.Debug|x64.ActiveCfg = Debug|x64
		{0FC70842-B22E-461E-AE3C-30146DB01539}.Debug|x64.Build.0 = Debug|x64
		{0FC70842-B22E-461E-AE3C-30146DB01539}.Debug|x86.ActiveCfg = Debug|Win32
		{0FC70842-B22E-461E-AE3C-30146DB01539}.Debug|x86.Build.0 = Debug|Win32
		{0FC70842-B22E-461E-AE3C-30146DB01539}.Release|x64.ActiveCfg = Release|x64
		{0FC70842-B22E-461E-AE3C-30146DB01539}.Release|x64.Build.0 = Release|x64
		{0FC70842-B22E-461E-AE3C-30146DB01539}.Release|x86.ActiveCfg = Release|Win32
		{0FC70842-B22E-461E-AE3C-30146DB01539}.Release|x86.Build.0 = Release|Win32
	EndGlobalSection
	GlobalSection(SolutionProperties) = preSolution
		HideSolutionNode = FALSE
	EndGlobalSection
	GlobalSection(ExtensibilityGlobals) = postSolution
		SolutionGuid = {14EF5176-C57C-4842-B9A7-5ABB389E2CC0}
	EndGlobalSection
EndGlobal
