
Microsoft Visual Studio Solution File, Format Version 12.00
# Visual Studio 15
VisualStudioVersion = 15.0.27428.2005
MinimumVisualStudioVersion = 10.0.40219.1
Project("{8BC9CEB8-8B4A-11D0-8D11-00A0C91BC942}") = "CComplex", "CComplex\CComplex.vcxproj", "{1F5C4E34-8676-4974-A397-880ADE27A845}"
EndProject
Project("{8BC9CEB8-8B4A-11D0-8D11-00A0C91BC942}") = "CComplexTests", "..\CComplexTests\CComplexTests.vcxproj", "{C0C844E8-AE1C-48FB-8446-9A729F505EF0}"
EndProject
Global
	GlobalSection(SolutionConfigurationPlatforms) = preSolution
		Debug|x64 = Debug|x64
		Debug|x86 = Debug|x86
		Release|x64 = Release|x64
		Release|x86 = Release|x86
	EndGlobalSection
	GlobalSection(ProjectConfigurationPlatforms) = postSolution
		{1F5C4E34-8676-4974-A397-880ADE27A845}.Debug|x64.ActiveCfg = Debug|x64
		{1F5C4E34-8676-4974-A397-880ADE27A845}.Debug|x64.Build.0 = Debug|x64
		{1F5C4E34-8676-4974-A397-880ADE27A845}.Debug|x86.ActiveCfg = Debug|Win32
		{1F5C4E34-8676-4974-A397-880ADE27A845}.Debug|x86.Build.0 = Debug|Win32
		{1F5C4E34-8676-4974-A397-880ADE27A845}.Release|x64.ActiveCfg = Release|x64
		{1F5C4E34-8676-4974-A397-880ADE27A845}.Release|x64.Build.0 = Release|x64
		{1F5C4E34-8676-4974-A397-880ADE27A845}.Release|x86.ActiveCfg = Release|Win32
		{1F5C4E34-8676-4974-A397-880ADE27A845}.Release|x86.Build.0 = Release|Win32
		{C0C844E8-AE1C-48FB-8446-9A729F505EF0}.Debug|x64.ActiveCfg = Debug|x64
		{C0C844E8-AE1C-48FB-8446-9A729F505EF0}.Debug|x64.Build.0 = Debug|x64
		{C0C844E8-AE1C-48FB-8446-9A729F505EF0}.Debug|x86.ActiveCfg = Debug|Win32
		{C0C844E8-AE1C-48FB-8446-9A729F505EF0}.Debug|x86.Build.0 = Debug|Win32
		{C0C844E8-AE1C-48FB-8446-9A729F505EF0}.Release|x64.ActiveCfg = Release|x64
		{C0C844E8-AE1C-48FB-8446-9A729F505EF0}.Release|x64.Build.0 = Release|x64
		{C0C844E8-AE1C-48FB-8446-9A729F505EF0}.Release|x86.ActiveCfg = Release|Win32
		{C0C844E8-AE1C-48FB-8446-9A729F505EF0}.Release|x86.Build.0 = Release|Win32
	EndGlobalSection
	GlobalSection(SolutionProperties) = preSolution
		HideSolutionNode = FALSE
	EndGlobalSection
	GlobalSection(ExtensibilityGlobals) = postSolution
		SolutionGuid = {2B165E29-B74F-49F9-860C-545A0440D3F0}
	EndGlobalSection
EndGlobal
